
Microsoft Visual Studio Solution File, Format Version 12.00
# Visual Studio Version 17
VisualStudioVersion = 17.14.36915.13 d17.14
MinimumVisualStudioVersion = 10.0.40219.1
Project("{FAE04EC0-301F-11D3-BF4B-00C04F79EFBC}") = "Pattern_Facade", "Pattern_Facade\Pattern_Facade.csproj", "{0DFA932C-2729-48A7-98EE-08D2DEAA67DA}"
EndProject
Global
	GlobalSection(SolutionConfigurationPlatforms) = preSolution
		Debug|Any CPU = Debug|Any CPU
		Release|Any CPU = Release|Any CPU
	EndGlobalSection
	GlobalSection(ProjectConfigurationPlatforms) = postSolution
		{0DFA932C-2729-48A7-98EE-08D2DEAA67DA}.Debug|Any CPU.ActiveCfg = Debug|Any CPU
		{0DFA932C-2729-48A7-98EE-08D2DEAA67DA}.Debug|Any CPU.Build.0 = Debug|Any CPU
		{0DFA932C-2729-48A7-98EE-08D2DEAA67DA}.Release|Any CPU.ActiveCfg = Release|Any CPU
		{0DFA932C-2729-48A7-98EE-08D2DEAA67DA}.Release|Any CPU.Build.0 = Release|Any CPU
	EndGlobalSection
	GlobalSection(SolutionProperties) = preSolution
		HideSolutionNode = FALSE
	EndGlobalSection
	GlobalSection(ExtensibilityGlobals) = postSolution
		SolutionGuid = {39FA1C46-B2D2-4783-A8AB-173C206ABB58}
	EndGlobalSection
EndGlobal
